# This file was autogenerated by Stack.
# You should not edit this file by hand.
# For more information, please see the documentation at:
#   https://docs.haskellstack.org/en/stable/lock_files

packages:
- completed:
    hackage: aeson-1.5.5.1@sha256:028781ba1129ee9df82fda33524ab97bb4abfb9eec5081ea9a0e2b791c761cc3,6924
    pantry-tree:
      size: 39809
      sha256: d601c32891495509c1df893631db1c5755909f31e1816f098c1c778ea4de72f6
  original:
    hackage: aeson-1.5.5.1
- completed:
    hackage: data-fix-0.3.1@sha256:7aee2c0633632479cef93c8000befd5bc950ba7c329d69e918ca520944164e27,1645
    pantry-tree:
      size: 261
      sha256: 8802b0b00dfbbd8526aec56d31f8dd7193b0af4f694144958c3ab08dd1f60f78
  original:
    hackage: data-fix-0.3.1
- completed:
    hackage: envy-2.1.0.0@sha256:0ffdc2e84ddd7414b9bfe17939f83a374f32935502db6d4a73b27cf92343d35c,1705
    pantry-tree:
      size: 368
      sha256: 988a7937cff064ea6d523d64f7812861722b0fa3b085b82e18b7e59d404ff1c8
  original:
    hackage: envy-2.1.0.0
- completed:
    hackage: optparse-applicative-0.15.1.0@sha256:29ff6146aabf54d46c4c8788e8d1eadaea27c94f6d360c690c5f6c93dac4b07e,4810
    pantry-tree:
      size: 2904
      sha256: 04ad3816bc580cbe0834d3d1f4729ddd386abfe31b43e5b14968885f636d1b0d
  original:
    hackage: optparse-applicative-0.15.1.0
- completed:
    hackage: primitive-0.7.1.0@sha256:f6357d5720c1c665096c3e011467daf443198b786a708d2ff926958a24d508d4,2728
    pantry-tree:
      size: 1376
      sha256: 23b707600721b68533c0d4a4d4358c60946b39c2030747837ab7285530b6f6f0
  original:
    hackage: primitive-0.7.1.0
- completed:
    hackage: servant-0.18.2@sha256:f8c9f0e9891a3ada1337a3c0b369333a3b5a2d0909dd3cd09d79bc26adeaca44,5298
    pantry-tree:
      size: 2662
      sha256: e930e814de1aa4d24274bdf18341a50b7ed38604ae4734f730e09238ac5bf7e2
  original:
    hackage: servant-0.18.2
- completed:
    hackage: servant-client-0.18.2@sha256:82578ade7468873259bb2fdc9d62290a0f998550900683e1410a237ed4b05410,4591
    pantry-tree:
      size: 1300
      sha256: 6324892c77bedbce32f0d6f1612fc2cb0d82c163d3be39efb951d3cc3792ce4a
  original:
    hackage: servant-client-0.18.2
- completed:
    hackage: servant-client-core-0.18.2@sha256:ad63ae0f227373fea7e547d4c2a7b0b69e112ff409a83cbadffc9f6ee049926f,3763
    pantry-tree:
      size: 1444
      sha256: 9e37bc5f8cbb70cf1accb20bd6f83fca4c2ca42472cd0fc4b22183c2c57cbe3b
  original:
    hackage: servant-client-core-0.18.2
- completed:
    hackage: servant-server-0.18.2@sha256:56679af62ab8820a2108da6153d9ae9dde37199e62172365bdaea1458c3f7c2d,5482
    pantry-tree:
      size: 2614
      sha256: 3ac7430134439e4b67f0f5333f63b89d0cb7de5e2e07f0af7801c8e223942b9c
  original:
    hackage: servant-server-0.18.2
- completed:
    hackage: strict-0.4.0.1@sha256:08cf72ad570fddfe3b3424117bf20a303a1fb21047b40c1d6c8004c0e3e02a0b,4124
    pantry-tree:
      size: 654
      sha256: f490c0ecce59996cdd154e753de05733a3edbb9f65d1b768133e6f79f73de572
  original:
    hackage: strict-0.4.0.1
- completed:
    hackage: these-1.1.1.1@sha256:3b63a3942f1da4ff97786221e3c654b969b54d570fef2cf4db97da4ea26a36cc,2609
    pantry-tree:
      size: 351
      sha256: 9dbf8c39e2962926d5fb2c7bffba5e3407fed67a581ef60e2eaf3cb0c5778074
  original:
    hackage: these-1.1.1.1
- completed:
    hackage: time-compat-1.9.5@sha256:f343bc5339a217ecef497e3a730017e15f5c396713fe1d653b8a9e7b1f666988,4932
    pantry-tree:
      size: 4112
      sha256: 1dfc249511e7c6797fd74057b2778a3d11a6568b919313d40c33f788a2df3e65
  original:
    hackage: time-compat-1.9.5
- completed:
    hackage: wai-app-static-3.1.7.2@sha256:ad6b8b07777e6d63f5bf84da2522ac469ff66219a59cdb72baeb69af95e4ffe0,4170
    pantry-tree:
      size: 1343
      sha256: 37282cfefdbe501c3e6da9a17a8874614c7c8c8be22db9cdfd19103595969379
  original:
    hackage: wai-app-static-3.1.7.2
- completed:
    hackage: wai-extra-3.1.6@sha256:36c5eb40d7ae4fde240a3af22a239a66713f8aa6dee72da7b9f58a4282d90dbc,7280
    pantry-tree:
      size: 4053
      sha256: 1a7fb22471f2b1dc0bf80f87ff918313368ef3e8cdb61e9a940c243eed13aeb0
  original:
    hackage: wai-extra-3.1.6
snapshots:
- completed:
    size: 524799
    url: https://raw.githubusercontent.com/commercialhaskell/stackage-snapshots/master/lts/14/17.yaml
    sha256: 1d72b33c0fc048e23f4f18fd76a6ad79dd1d8a3c054644098a71a09855e40c7c
  original: lts-14.17
